
Microsoft Visual Studio Solution File, Format Version 12.00
# Visual Studio Version 16
VisualStudioVersion = 16.0.29806.167
MinimumVisualStudioVersion = 10.0.40219.1
Project("{2150E333-8FDC-42A3-9474-1A3956D46DE8}") = "03. Common", "03. Common", "{B5C75EC1-96E1-4361-94E7-2698FDBF88EE}"
EndProject
Project("{2150E333-8FDC-42A3-9474-1A3956D46DE8}") = "02. Layer", "02. Layer", "{6CB86DE8-34D5-4655-81BD-1D14F3C89007}"
EndProject
Project("{2150E333-8FDC-42A3-9474-1A3956D46DE8}") = "01. Presentation", "01. Presentation", "{6DB29C91-B977-4C94-9B02-6F2CC874EB7B}"
EndProject
Project("{2150E333-8FDC-42A3-9474-1A3956D46DE8}") = "04. Procesos", "04. Procesos", "{D1AE3E0A-9512-4CE2-A280-7E675AFAF3E2}"
EndProject
Project("{FAE04EC0-301F-11D3-BF4B-00C04F79EFBC}") = "Centenario.Comisiones.Aprobaciones", "Centenario.Comisiones.Aprobaciones\Centenario.Comisiones.Aprobaciones.csproj", "{D8BCE525-7540-4B08-A16B-B23514C790B6}"
EndProject
Global
	GlobalSection(SolutionConfigurationPlatforms) = preSolution
		Debug|Any CPU = Debug|Any CPU
		Release|Any CPU = Release|Any CPU
	EndGlobalSection
	GlobalSection(ProjectConfigurationPlatforms) = postSolution
		{D8BCE525-7540-4B08-A16B-B23514C790B6}.Debug|Any CPU.ActiveCfg = Debug|Any CPU
		{D8BCE525-7540-4B08-A16B-B23514C790B6}.Debug|Any CPU.Build.0 = Debug|Any CPU
		{D8BCE525-7540-4B08-A16B-B23514C790B6}.Debug|Any CPU.Deploy.0 = Debug|Any CPU
		{D8BCE525-7540-4B08-A16B-B23514C790B6}.Release|Any CPU.ActiveCfg = Release|Any CPU
		{D8BCE525-7540-4B08-A16B-B23514C790B6}.Release|Any CPU.Build.0 = Release|Any CPU
		{D8BCE525-7540-4B08-A16B-B23514C790B6}.Release|Any CPU.Deploy.0 = Release|Any CPU
	EndGlobalSection
	GlobalSection(SolutionProperties) = preSolution
		HideSolutionNode = FALSE
	EndGlobalSection
	GlobalSection(NestedProjects) = preSolution
		{D8BCE525-7540-4B08-A16B-B23514C790B6} = {6DB29C91-B977-4C94-9B02-6F2CC874EB7B}
	EndGlobalSection
	GlobalSection(ExtensibilityGlobals) = postSolution
		SolutionGuid = {3432C3B4-3827-4261-964E-96E93843C007}
	EndGlobalSection
	GlobalSection(TeamFoundationVersionControl) = preSolution
		SccNumberOfProjects = 2
		SccEnterpriseProvider = {4CA58AB2-18FA-4F8D-95D4-32DDF27D184C}
		SccTeamFoundationServer = https://dev.azure.com/gysperu
		SccLocalPath0 = .
		SccProjectUniqueName1 = Centenario.Comisiones.Aprobaciones\\Centenario.Comisiones.Aprobaciones.csproj
		SccProjectTopLevelParentUniqueName1 = Centenario.Comisiones.sln
		SccProjectName1 = Centenario.Comisiones.Aprobaciones
		SccLocalPath1 = Centenario.Comisiones.Aprobaciones
	EndGlobalSection
EndGlobal
